
Microsoft Visual Studio Solution File, Format Version 12.00
# Visual Studio Version 16
VisualStudioVersion = 16.0.32106.194
MinimumVisualStudioVersion = 10.0.40219.1
Project("{FAE04EC0-301F-11D3-BF4B-00C04F79EFBC}") = "Kyrsovaya", "Kyrsovaya\Kyrsovaya.csproj", "{CDFB00E2-E7CD-486F-BFB9-12063A780204}"
EndProject
Global
	GlobalSection(SolutionConfigurationPlatforms) = preSolution
		Debug|Any CPU = Debug|Any CPU
		Release|Any CPU = Release|Any CPU
	EndGlobalSection
	GlobalSection(ProjectConfigurationPlatforms) = postSolution
		{CDFB00E2-E7CD-486F-BFB9-12063A780204}.Debug|Any CPU.ActiveCfg = Debug|Any CPU
		{CDFB00E2-E7CD-486F-BFB9-12063A780204}.Debug|Any CPU.Build.0 = Debug|Any CPU
		{CDFB00E2-E7CD-486F-BFB9-12063A780204}.Release|Any CPU.ActiveCfg = Release|Any CPU
		{CDFB00E2-E7CD-486F-BFB9-12063A780204}.Release|Any CPU.Build.0 = Release|Any CPU
	EndGlobalSection
	GlobalSection(SolutionProperties) = preSolution
		HideSolutionNode = FALSE
	EndGlobalSection
	GlobalSection(ExtensibilityGlobals) = postSolution
		SolutionGuid = {CF7B2BF6-4307-49B2-A7CA-F96AD7126C34}
	EndGlobalSection
EndGlobal
